
Microsoft Visual Studio Solution File, Format Version 12.00
# Visual Studio 15
VisualStudioVersion = 15.0.28307.136
MinimumVisualStudioVersion = 10.0.40219.1
Project("{888888A0-9F3D-457C-B088-3A5042F75D52}") = "PyGameCourse", "PyGameCourse\PyGameCourse.pyproj", "{5B67DA33-8C3C-4D8F-86C4-95E1F98D0104}"
EndProject
Global
	GlobalSection(SolutionConfigurationPlatforms) = preSolution
		Debug|Any CPU = Debug|Any CPU
		Release|Any CPU = Release|Any CPU
	EndGlobalSection
	GlobalSection(ProjectConfigurationPlatforms) = postSolution
		{5B67DA33-8C3C-4D8F-86C4-95E1F98D0104}.Debug|Any CPU.ActiveCfg = Debug|Any CPU
		{5B67DA33-8C3C-4D8F-86C4-95E1F98D0104}.Release|Any CPU.ActiveCfg = Release|Any CPU
	EndGlobalSection
	GlobalSection(SolutionProperties) = preSolution
		HideSolutionNode = FALSE
	EndGlobalSection
	GlobalSection(ExtensibilityGlobals) = postSolution
		SolutionGuid = {7BCC2EC7-5E4F-48F8-8DD9-DFB98CDD36D0}
	EndGlobalSection
EndGlobal
